// !$*UTF8*$!
{
	archiveVersion = 1;
	classes = {
	};
	objectVersion = 56;
	objects = {

/* Begin PBXBuildFile section */
		25BB816D29960DEE00BFA5A4 /* timerApp.swift in Sources */ = {isa = PBXBuildFile; fileRef = 25BB816C29960DEE00BFA5A4 /* timerApp.swift */; };
		25BB816F29960DEE00BFA5A4 /* ContentView.swift in Sources */ = {isa = PBXBuildFile; fileRef = 25BB816E29960DEE00BFA5A4 /* ContentView.swift */; };
		25BB817129960DF000BFA5A4 /* Assets.xcassets in Resources */ = {isa = PBXBuildFile; fileRef = 25BB817029960DF000BFA5A4 /* Assets.xcassets */; };
		25BB817429960DF000BFA5A4 /* Preview Assets.xcassets in Resources */ = {isa = PBXBuildFile; fileRef = 25BB817329960DF000BFA5A4 /* Preview Assets.xcassets */; };
		25BB817F29960DF000BFA5A4 /* timerTests.swift in Sources */ = {isa = PBXBuildFile; fileRef = 25BB817E29960DF000BFA5A4 /* timerTests.swift */; };
		25BB818929960DF000BFA5A4 /* timerUITests.swift in Sources */ = {isa = PBXBuildFile; fileRef = 25BB818829960DF000BFA5A4 /* timerUITests.swift */; };
		25BB818B29960DF000BFA5A4 /* timerUITestsLaunchTests.swift in Sources */ = {isa = PBXBuildFile; fileRef = 25BB818A29960DF000BFA5A4 /* timerUITestsLaunchTests.swift */; };
		25E9754C299A457C005954FD /* lingling.aac in Resources */ = {isa = PBXBuildFile; fileRef = 25E9754B299A457C005954FD /* lingling.aac */; };
/* End PBXBuildFile section */

/* Begin PBXContainerItemProxy section */
		25BB817B29960DF000BFA5A4 /* PBXContainerItemProxy */ = {
			isa = PBXContainerItemProxy;
			containerPortal = 25BB816129960DEE00BFA5A4 /* Project object */;
			proxyType = 1;
			remoteGlobalIDString = 25BB816829960DEE00BFA5A4;
			remoteInfo = timer;
		};
		25BB818529960DF000BFA5A4 /* PBXContainerItemProxy */ = {
			isa = PBXContainerItemProxy;
			containerPortal = 25BB816129960DEE00BFA5A4 /* Project object */;
			proxyType = 1;
			remoteGlobalIDString = 25BB816829960DEE00BFA5A4;
			remoteInfo = timer;
		};
/* End PBXContainerItemProxy section */

/* Begin PBXFileReference section */
		25BB816929960DEE00BFA5A4 /* timer.app */ = {isa = PBXFileReference; explicitFileType = wrapper.application; includeInIndex = 0; path = timer.app; sourceTree = BUILT_PRODUCTS_DIR; };
		25BB816C29960DEE00BFA5A4 /* timerApp.swift */ = {isa = PBXFileReference; lastKnownFileType = sourcecode.swift; path = timerApp.swift; sourceTree = "<group>"; };
		25BB816E29960DEE00BFA5A4 /* ContentView.swift */ = {isa = PBXFileReference; lastKnownFileType = sourcecode.swift; path = ContentView.swift; sourceTree = "<group>"; };
		25BB817029960DF000BFA5A4 /* Assets.xcassets */ = {isa = PBXFileReference; lastKnownFileType = folder.assetcatalog; path = Assets.xcassets; sourceTree = "<group>"; };
		25BB817329960DF000BFA5A4 /* Preview Assets.xcassets */ = {isa = PBXFileReference; lastKnownFileType = folder.assetcatalog; path = "Preview Assets.xcassets"; sourceTree = "<group>"; };
		25BB817529960DF000BFA5A4 /* timer.entitlements */ = {isa = PBXFileReference; lastKnownFileType = text.plist.entitlements; path = timer.entitlements; sourceTree = "<group>"; };
		25BB817A29960DF000BFA5A4 /* timerTests.xctest */ = {isa = PBXFileReference; explicitFileType = wrapper.cfbundle; includeInIndex = 0; path = timerTests.xctest; sourceTree = BUILT_PRODUCTS_DIR; };
		25BB817E29960DF000BFA5A4 /* timerTests.swift */ = {isa = PBXFileReference; lastKnownFileType = sourcecode.swift; path = timerTests.swift; sourceTree = "<group>"; };
		25BB818429960DF000BFA5A4 /* timerUITests.xctest */ = {isa = PBXFileReference; explicitFileType = wrapper.cfbundle; includeInIndex = 0; path = timerUITests.xctest; sourceTree = BUILT_PRODUCTS_DIR; };
		25BB818829960DF000BFA5A4 /* timerUITests.swift */ = {isa = PBXFileReference; lastKnownFileType = sourcecode.swift; path = timerUITests.swift; sourceTree = "<group>"; };
		25BB818A29960DF000BFA5A4 /* timerUITestsLaunchTests.swift */ = {isa = PBXFileReference; lastKnownFileType = sourcecode.swift; path = timerUITestsLaunchTests.swift; sourceTree = "<group>"; };
		25E9754B299A457C005954FD /* lingling.aac */ = {isa = PBXFileReference; lastKnownFileType = file; path = lingling.aac; sourceTree = "<group>"; };
/* End PBXFileReference section */

/* Begin PBXFrameworksBuildPhase section */
		25BB816629960DEE00BFA5A4 /* Frameworks */ = {
			isa = PBXFrameworksBuildPhase;
			buildActionMask = 2147483647;
			files = (
			);
			runOnlyForDeploymentPostprocessing = 0;
		};
		25BB817729960DF000BFA5A4 /* Frameworks */ = {
			isa = PBXFrameworksBuildPhase;
			buildActionMask = 2147483647;
			files = (
			);
			runOnlyForDeploymentPostprocessing = 0;
		};
		25BB818129960DF000BFA5A4 /* Frameworks */ = {
			isa = PBXFrameworksBuildPhase;
			buildActionMask = 2147483647;
			files = (
			);
			runOnlyForDeploymentPostprocessing = 0;
		};
/* End PBXFrameworksBuildPhase section */

/* Begin PBXGroup section */
		25BB816029960DEE00BFA5A4 = {
			isa = PBXGroup;
			children = (
				25BB816B29960DEE00BFA5A4 /* timer */,
				25BB817D29960DF000BFA5A4 /* timerTests */,
				25BB818729960DF000BFA5A4 /* timerUITests */,
				25BB816A29960DEE00BFA5A4 /* Products */,
			);
			sourceTree = "<group>";
		};
		25BB816A29960DEE00BFA5A4 /* Products */ = {
			isa = PBXGroup;
			children = (
				25BB816929960DEE00BFA5A4 /* timer.app */,
				25BB817A29960DF000BFA5A4 /* timerTests.xctest */,
				25BB818429960DF000BFA5A4 /* timerUITests.xctest */,
			);
			name = Products;
			sourceTree = "<group>";
		};
		25BB816B29960DEE00BFA5A4 /* timer */ = {
			isa = PBXGroup;
			children = (
				25BB816C29960DEE00BFA5A4 /* timerApp.swift */,
				25BB816E29960DEE00BFA5A4 /* ContentView.swift */,
				25BB817029960DF000BFA5A4 /* Assets.xcassets */,
				25BB817529960DF000BFA5A4 /* timer.entitlements */,
				25BB817229960DF000BFA5A4 /* Preview Content */,
			);
			path = timer;
			sourceTree = "<group>";
		};
		25BB817229960DF000BFA5A4 /* Preview Content */ = {
			isa = PBXGroup;
			children = (
				25BB817329960DF000BFA5A4 /* Preview Assets.xcassets */,
			);
			path = "Preview Content";
			sourceTree = "<group>";
		};
		25BB817D29960DF000BFA5A4 /* timerTests */ = {
			isa = PBXGroup;
			children = (
				25BB817E29960DF000BFA5A4 /* timerTests.swift */,
			);
			path = timerTests;
			sourceTree = "<group>";
		};
		25BB818729960DF000BFA5A4 /* timerUITests */ = {
			isa = PBXGroup;
			children = (
				25BB818829960DF000BFA5A4 /* timerUITests.swift */,
				25BB818A29960DF000BFA5A4 /* timerUITestsLaunchTests.swift */,
				25E9754B299A457C005954FD /* lingling.aac */,
			);
			path = timerUITests;
			sourceTree = "<group>";
		};
/* End PBXGroup section */

/* Begin PBXNativeTarget section */
		25BB816829960DEE00BFA5A4 /* timer */ = {
			isa = PBXNativeTarget;
			buildConfigurationList = 25BB818E29960DF000BFA5A4 /* Build configuration list for PBXNativeTarget "timer" */;
			buildPhases = (
				25BB816529960DEE00BFA5A4 /* Sources */,
				25BB816629960DEE00BFA5A4 /* Frameworks */,
				25BB816729960DEE00BFA5A4 /* Resources */,
			);
			buildRules = (
			);
			dependencies = (
			);
			name = timer;
			productName = timer;
			productReference = 25BB816929960DEE00BFA5A4 /* timer.app */;
			productType = "com.apple.product-type.application";
		};
		25BB817929960DF000BFA5A4 /* timerTests */ = {
			isa = PBXNativeTarget;
			buildConfigurationList = 25BB819129960DF000BFA5A4 /* Build configuration list for PBXNativeTarget "timerTests" */;
			buildPhases = (
				25BB817629960DF000BFA5A4 /* Sources */,
				25BB817729960DF000BFA5A4 /* Frameworks */,
				25BB817829960DF000BFA5A4 /* Resources */,
			);
			buildRules = (
			);
			dependencies = (
				25BB817C29960DF000BFA5A4 /* PBXTargetDependency */,
			);
			name = timerTests;
			productName = timerTests;
			productReference = 25BB817A29960DF000BFA5A4 /* timerTests.xctest */;
			productType = "com.apple.product-type.bundle.unit-test";
		};
		25BB818329960DF000BFA5A4 /* timerUITests */ = {
			isa = PBXNativeTarget;
			buildConfigurationList = 25BB819429960DF000BFA5A4 /* Build configuration list for PBXNativeTarget "timerUITests" */;
			buildPhases = (
				25BB818029960DF000BFA5A4 /* Sources */,
				25BB818129960DF000BFA5A4 /* Frameworks */,
				25BB818229960DF000BFA5A4 /* Resources */,
			);
			buildRules = (
			);
			dependencies = (
				25BB818629960DF000BFA5A4 /* PBXTargetDependency */,
			);
			name = timerUITests;
			productName = timerUITests;
			productReference = 25BB818429960DF000BFA5A4 /* timerUITests.xctest */;
			productType = "com.apple.product-type.bundle.ui-testing";
		};
/* End PBXNativeTarget section */

/* Begin PBXProject section */
		25BB816129960DEE00BFA5A4 /* Project object */ = {
			isa = PBXProject;
			attributes = {
				BuildIndependentTargetsInParallel = 1;
				LastSwiftUpdateCheck = 1420;
				LastUpgradeCheck = 1420;
				TargetAttributes = {
					25BB816829960DEE00BFA5A4 = {
						CreatedOnToolsVersion = 14.2;
					};
					25BB817929960DF000BFA5A4 = {
						CreatedOnToolsVersion = 14.2;
						TestTargetID = 25BB816829960DEE00BFA5A4;
					};
					25BB818329960DF000BFA5A4 = {
						CreatedOnToolsVersion = 14.2;
						TestTargetID = 25BB816829960DEE00BFA5A4;
					};
				};
			};
			buildConfigurationList = 25BB816429960DEE00BFA5A4 /* Build configuration list for PBXProject "timer" */;
			compatibilityVersion = "Xcode 14.0";
			developmentRegion = en;
			hasScannedForEncodings = 0;
			knownRegions = (
				en,
				Base,
			);
			mainGroup = 25BB816029960DEE00BFA5A4;
			productRefGroup = 25BB816A29960DEE00BFA5A4 /* Products */;
			projectDirPath = "";
			projectRoot = "";
			targets = (
				25BB816829960DEE00BFA5A4 /* timer */,
				25BB817929960DF000BFA5A4 /* timerTests */,
				25BB818329960DF000BFA5A4 /* timerUITests */,
			);
		};
/* End PBXProject section */

/* Begin PBXResourcesBuildPhase section */
		25BB816729960DEE00BFA5A4 /* Resources */ = {
			isa = PBXResourcesBuildPhase;
			buildActionMask = 2147483647;
			files = (
				25BB817429960DF000BFA5A4 /* Preview Assets.xcassets in Resources */,
				25BB817129960DF000BFA5A4 /* Assets.xcassets in Resources */,
				25E9754C299A457C005954FD /* lingling.aac in Resources */,
			);
			runOnlyForDeploymentPostprocessing = 0;
		};
		25BB817829960DF000BFA5A4 /* Resources */ = {
			isa = PBXResourcesBuildPhase;
			buildActionMask = 2147483647;
			files = (
			);
			runOnlyForDeploymentPostprocessing = 0;
		};
		25BB818229960DF000BFA5A4 /* Resources */ = {
			isa = PBXResourcesBuildPhase;
			buildActionMask = 2147483647;
			files = (
			);
			runOnlyForDeploymentPostprocessing = 0;
		};
/* End PBXResourcesBuildPhase section */

/* Begin PBXSourcesBuildPhase section */
		25BB816529960DEE00BFA5A4 /* Sources */ = {
			isa = PBXSourcesBuildPhase;
			buildActionMask = 2147483647;
			files = (
				25BB816F29960DEE00BFA5A4 /* ContentView.swift in Sources */,
				25BB816D29960DEE00BFA5A4 /* timerApp.swift in Sources */,
			);
			runOnlyForDeploymentPostprocessing = 0;
		};
		25BB817629960DF000BFA5A4 /* Sources */ = {
			isa = PBXSourcesBuildPhase;
			buildActionMask = 2147483647;
			files = (
				25BB817F29960DF000BFA5A4 /* timerTests.swift in Sources */,
			);
			runOnlyForDeploymentPostprocessing = 0;
		};
		25BB818029960DF000BFA5A4 /* Sources */ = {
			isa = PBXSourcesBuildPhase;
			buildActionMask = 2147483647;
			files = (
				25BB818B29960DF000BFA5A4 /* timerUITestsLaunchTests.swift in Sources */,
				25BB818929960DF000BFA5A4 /* timerUITests.swift in Sources */,
			);
			runOnlyForDeploymentPostprocessing = 0;
		};
/* End PBXSourcesBuildPhase section */

/* Begin PBXTargetDependency section */
		25BB817C29960DF000BFA5A4 /* PBXTargetDependency */ = {
			isa = PBXTargetDependency;
			target = 25BB816829960DEE00BFA5A4 /* timer */;
			targetProxy = 25BB817B29960DF000BFA5A4 /* PBXContainerItemProxy */;
		};
		25BB818629960DF000BFA5A4 /* PBXTargetDependency */ = {
			isa = PBXTargetDependency;
			target = 25BB816829960DEE00BFA5A4 /* timer */;
			targetProxy = 25BB818529960DF000BFA5A4 /* PBXContainerItemProxy */;
		};
/* End PBXTargetDependency section */

/* Begin XCBuildConfiguration section */
		25BB818C29960DF000BFA5A4 /* Debug */ = {
			isa = XCBuildConfiguration;
			buildSettings = {
				ALWAYS_SEARCH_USER_PATHS = NO;
				CLANG_ANALYZER_NONNULL = YES;
				CLANG_ANALYZER_NUMBER_OBJECT_CONVERSION = YES_AGGRESSIVE;
				CLANG_CXX_LANGUAGE_STANDARD = "gnu++20";
				CLANG_ENABLE_MODULES = YES;
				CLANG_ENABLE_OBJC_ARC = YES;
				CLANG_ENABLE_OBJC_WEAK = YES;
				CLANG_WARN_BLOCK_CAPTURE_AUTORELEASING = YES;
				CLANG_WARN_BOOL_CONVERSION = YES;
				CLANG_WARN_COMMA = YES;
				CLANG_WARN_CONSTANT_CONVERSION = YES;
				CLANG_WARN_DEPRECATED_OBJC_IMPLEMENTATIONS = YES;
				CLANG_WARN_DIRECT_OBJC_ISA_USAGE = YES_ERROR;
				CLANG_WARN_DOCUMENTATION_COMMENTS = YES;
				CLANG_WARN_EMPTY_BODY = YES;
				CLANG_WARN_ENUM_CONVERSION = YES;
				CLANG_WARN_INFINITE_RECURSION = YES;
				CLANG_WARN_INT_CONVERSION = YES;
				CLANG_WARN_NON_LITERAL_NULL_CONVERSION = YES;
				CLANG_WARN_OBJC_IMPLICIT_RETAIN_SELF = YES;
				CLANG_WARN_OBJC_LITERAL_CONVERSION = YES;
				CLANG_WARN_OBJC_ROOT_CLASS = YES_ERROR;
				CLANG_WARN_QUOTED_INCLUDE_IN_FRAMEWORK_HEADER = YES;
				CLANG_WARN_RANGE_LOOP_ANALYSIS = YES;
				CLANG_WARN_STRICT_PROTOTYPES = YES;
				CLANG_WARN_SUSPICIOUS_MOVE = YES;
				CLANG_WARN_UNGUARDED_AVAILABILITY = YES_AGGRESSIVE;
				CLANG_WARN_UNREACHABLE_CODE = YES;
				CLANG_WARN__DUPLICATE_METHOD_MATCH = YES;
				COPY_PHASE_STRIP = NO;
				DEBUG_INFORMATION_FORMAT = dwarf;
				ENABLE_STRICT_OBJC_MSGSEND = YES;
				ENABLE_TESTABILITY = YES;
				GCC_C_LANGUAGE_STANDARD = gnu11;
				GCC_DYNAMIC_NO_PIC = NO;
				GCC_NO_COMMON_BLOCKS = YES;
				GCC_OPTIMIZATION_LEVEL = 0;
				GCC_PREPROCESSOR_DEFINITIONS = (
					"DEBUG=1",
					"$(inherited)",
				);
				GCC_WARN_64_TO_32_BIT_CONVERSION = YES;
				GCC_WARN_ABOUT_RETURN_TYPE = YES_ERROR;
				GCC_WARN_UNDECLARED_SELECTOR = YES;
				GCC_WARN_UNINITIALIZED_AUTOS = YES_AGGRESSIVE;
				GCC_WARN_UNUSED_FUNCTION = YES;
				GCC_WARN_UNUSED_VARIABLE = YES;
				MACOSX_DEPLOYMENT_TARGET = 12.5;
				MTL_ENABLE_DEBUG_INFO = INCLUDE_SOURCE;
				MTL_FAST_MATH = YES;
				ONLY_ACTIVE_ARCH = YES;
				SDKROOT = macosx;
				SWIFT_ACTIVE_COMPILATION_CONDITIONS = DEBUG;
				SWIFT_OPTIMIZATION_LEVEL = "-Onone";
			};
			name = Debug;
		};
		25BB818D29960DF000BFA5A4 /* Release */ = {
			isa = XCBuildConfiguration;
			buildSettings = {
				ALWAYS_SEARCH_USER_PATHS = NO;
				CLANG_ANALYZER_NONNULL = YES;
				CLANG_ANALYZER_NUMBER_OBJECT_CONVERSION = YES_AGGRESSIVE;
				CLANG_CXX_LANGUAGE_STANDARD = "gnu++20";
				CLANG_ENABLE_MODULES = YES;
				CLANG_ENABLE_OBJC_ARC = YES;
				CLANG_ENABLE_OBJC_WEAK = YES;
				CLANG_WARN_BLOCK_CAPTURE_AUTORELEASING = YES;
				CLANG_WARN_BOOL_CONVERSION = YES;
				CLANG_WARN_COMMA = YES;
				CLANG_WARN_CONSTANT_CONVERSION = YES;
				CLANG_WARN_DEPRECATED_OBJC_IMPLEMENTATIONS = YES;
				CLANG_WARN_DIRECT_OBJC_ISA_USAGE = YES_ERROR;
				CLANG_WARN_DOCUMENTATION_COMMENTS = YES;
				CLANG_WARN_EMPTY_BODY = YES;
				CLANG_WARN_ENUM_CONVERSION = YES;
				CLANG_WARN_INFINITE_RECURSION = YES;
				CLANG_WARN_INT_CONVERSION = YES;
				CLANG_WARN_NON_LITERAL_NULL_CONVERSION = YES;
				CLANG_WARN_OBJC_IMPLICIT_RETAIN_SELF = YES;
				CLANG_WARN_OBJC_LITERAL_CONVERSION = YES;
				CLANG_WARN_OBJC_ROOT_CLASS = YES_ERROR;
				CLANG_WARN_QUOTED_INCLUDE_IN_FRAMEWORK_HEADER = YES;
				CLANG_WARN_RANGE_LOOP_ANALYSIS = YES;
				CLANG_WARN_STRICT_PROTOTYPES = YES;
				CLANG_WARN_SUSPICIOUS_MOVE = YES;
				CLANG_WARN_UNGUARDED_AVAILABILITY = YES_AGGRESSIVE;
				CLANG_WARN_UNREACHABLE_CODE = YES;
				CLANG_WARN__DUPLICATE_METHOD_MATCH = YES;
				COPY_PHASE_STRIP = NO;
				DEBUG_INFORMATION_FORMAT = "dwarf-with-dsym";
				ENABLE_NS_ASSERTIONS = NO;
				ENABLE_STRICT_OBJC_MSGSEND = YES;
				GCC_C_LANGUAGE_STANDARD = gnu11;
				GCC_NO_COMMON_BLOCKS = YES;
				GCC_WARN_64_TO_32_BIT_CONVERSION = YES;
				GCC_WARN_ABOUT_RETURN_TYPE = YES_ERROR;
				GCC_WARN_UNDECLARED_SELECTOR = YES;
				GCC_WARN_UNINITIALIZED_AUTOS = YES_AGGRESSIVE;
				GCC_WARN_UNUSED_FUNCTION = YES;
				GCC_WARN_UNUSED_VARIABLE = YES;
				MACOSX_DEPLOYMENT_TARGET = 12.5;
				MTL_ENABLE_DEBUG_INFO = NO;
				MTL_FAST_MATH = YES;
				SDKROOT = macosx;
				SWIFT_COMPILATION_MODE = wholemodule;
				SWIFT_OPTIMIZATION_LEVEL = "-O";
			};
			name = Release;
		};
		25BB818F29960DF000BFA5A4 /* Debug */ = {
			isa = XCBuildConfiguration;
			buildSettings = {
				ASSETCATALOG_COMPILER_APPICON_NAME = AppIcon;
				ASSETCATALOG_COMPILER_GLOBAL_ACCENT_COLOR_NAME = AccentColor;
				CODE_SIGN_ENTITLEMENTS = timer/timer.entitlements;
				CODE_SIGN_STYLE = Automatic;
				COMBINE_HIDPI_IMAGES = YES;
				CURRENT_PROJECT_VERSION = 1;
				DEVELOPMENT_ASSET_PATHS = "\"timer/Preview Content\"";
				ENABLE_PREVIEWS = YES;
				GENERATE_INFOPLIST_FILE = YES;
				INFOPLIST_KEY_NSHumanReadableCopyright = "";
				LD_RUNPATH_SEARCH_PATHS = (
					"$(inherited)",
					"@executable_path/../Frameworks",
				);
				MACOSX_DEPLOYMENT_TARGET = 12.0;
				MARKETING_VERSION = 0.1;
				PRODUCT_BUNDLE_IDENTIFIER = TzJ.timer;
				PRODUCT_NAME = "$(TARGET_NAME)";
				SWIFT_EMIT_LOC_STRINGS = YES;
				SWIFT_VERSION = 5.0;
			};
			name = Debug;
		};
		25BB819029960DF000BFA5A4 /* Release */ = {
			isa = XCBuildConfiguration;
			buildSettings = {
				ASSETCATALOG_COMPILER_APPICON_NAME = AppIcon;
				ASSETCATALOG_COMPILER_GLOBAL_ACCENT_COLOR_NAME = AccentColor;
				CODE_SIGN_ENTITLEMENTS = timer/timer.entitlements;
				CODE_SIGN_STYLE = Automatic;
				COMBINE_HIDPI_IMAGES = YES;
				CURRENT_PROJECT_VERSION = 1;
				DEVELOPMENT_ASSET_PATHS = "\"timer/Preview Content\"";
				ENABLE_PREVIEWS = YES;
				GENERATE_INFOPLIST_FILE = YES;
				INFOPLIST_KEY_NSHumanReadableCopyright = "";
				LD_RUNPATH_SEARCH_PATHS = (
					"$(inherited)",
					"@executable_path/../Frameworks",
				);
				MACOSX_DEPLOYMENT_TARGET = 12.0;
				MARKETING_VERSION = 0.1;
				PRODUCT_BUNDLE_IDENTIFIER = TzJ.timer;
				PRODUCT_NAME = "$(TARGET_NAME)";
				SWIFT_EMIT_LOC_STRINGS = YES;
				SWIFT_VERSION = 5.0;
			};
			name = Release;
		};
		25BB819229960DF000BFA5A4 /* Debug */ = {
			isa = XCBuildConfiguration;
			buildSettings = {
				ALWAYS_EMBED_SWIFT_STANDARD_LIBRARIES = YES;
				BUNDLE_LOADER = "$(TEST_HOST)";
				CODE_SIGN_STYLE = Automatic;
				CURRENT_PROJECT_VERSION = 1;
				GENERATE_INFOPLIST_FILE = YES;
				MACOSX_DEPLOYMENT_TARGET = 12.5;
				MARKETING_VERSION = 1.0;
				PRODUCT_BUNDLE_IDENTIFIER = TzJ.timerTests;
				PRODUCT_NAME = "$(TARGET_NAME)";
				SWIFT_EMIT_LOC_STRINGS = NO;
				SWIFT_VERSION = 5.0;
				TEST_HOST = "$(BUILT_PRODUCTS_DIR)/timer.app/$(BUNDLE_EXECUTABLE_FOLDER_PATH)/timer";
			};
			name = Debug;
		};
		25BB819329960DF000BFA5A4 /* Release */ = {
			isa = XCBuildConfiguration;
			buildSettings = {
				ALWAYS_EMBED_SWIFT_STANDARD_LIBRARIES = YES;
				BUNDLE_LOADER = "$(TEST_HOST)";
				CODE_SIGN_STYLE = Automatic;
				CURRENT_PROJECT_VERSION = 1;
				GENERATE_INFOPLIST_FILE = YES;
				MACOSX_DEPLOYMENT_TARGET = 12.5;
				MARKETING_VERSION = 1.0;
				PRODUCT_BUNDLE_IDENTIFIER = TzJ.timerTests;
				PRODUCT_NAME = "$(TARGET_NAME)";
				SWIFT_EMIT_LOC_STRINGS = NO;
				SWIFT_VERSION = 5.0;
				TEST_HOST = "$(BUILT_PRODUCTS_DIR)/timer.app/$(BUNDLE_EXECUTABLE_FOLDER_PATH)/timer";
			};
			name = Release;
		};
		25BB819529960DF000BFA5A4 /* Debug */ = {
			isa = XCBuildConfiguration;
			buildSettings = {
				ALWAYS_EMBED_SWIFT_STANDARD_LIBRARIES = YES;
				CODE_SIGN_STYLE = Automatic;
				CURRENT_PROJECT_VERSION = 1;
				GENERATE_INFOPLIST_FILE = YES;
				MARKETING_VERSION = 1.0;
				PRODUCT_BUNDLE_IDENTIFIER = TzJ.timerUITests;
				PRODUCT_NAME = "$(TARGET_NAME)";
				SWIFT_EMIT_LOC_STRINGS = NO;
				SWIFT_VERSION = 5.0;
				TEST_TARGET_NAME = timer;
			};
			name = Debug;
		};
		25BB819629960DF000BFA5A4 /* Release */ = {
			isa = XCBuildConfiguration;
			buildSettings = {
				ALWAYS_EMBED_SWIFT_STANDARD_LIBRARIES = YES;
				CODE_SIGN_STYLE = Automatic;
				CURRENT_PROJECT_VERSION = 1;
				GENERATE_INFOPLIST_FILE = YES;
				MARKETING_VERSION = 1.0;
				PRODUCT_BUNDLE_IDENTIFIER = TzJ.timerUITests;
				PRODUCT_NAME = "$(TARGET_NAME)";
				SWIFT_EMIT_LOC_STRINGS = NO;
				SWIFT_VERSION = 5.0;
				TEST_TARGET_NAME = timer;
			};
			name = Release;
		};
/* End XCBuildConfiguration section */

/* Begin XCConfigurationList section */
		25BB816429960DEE00BFA5A4 /* Build configuration list for PBXProject "timer" */ = {
			isa = XCConfigurationList;
			buildConfigurations = (
				25BB818C29960DF000BFA5A4 /* Debug */,
				25BB818D29960DF000BFA5A4 /* Release */,
			);
			defaultConfigurationIsVisible = 0;
			defaultConfigurationName = Release;
		};
		25BB818E29960DF000BFA5A4 /* Build configuration list for PBXNativeTarget "timer" */ = {
			isa = XCConfigurationList;
			buildConfigurations = (
				25BB818F29960DF000BFA5A4 /* Debug */,
				25BB819029960DF000BFA5A4 /* Release */,
			);
			defaultConfigurationIsVisible = 0;
			defaultConfigurationName = Release;
		};
		25BB819129960DF000BFA5A4 /* Build configuration list for PBXNativeTarget "timerTests" */ = {
			isa = XCConfigurationList;
			buildConfigurations = (
				25BB819229960DF000BFA5A4 /* Debug */,
				25BB819329960DF000BFA5A4 /* Release */,
			);
			defaultConfigurationIsVisible = 0;
			defaultConfigurationName = Release;
		};
		25BB819429960DF000BFA5A4 /* Build configuration list for PBXNativeTarget "timerUITests" */ = {
			isa = XCConfigurationList;
			buildConfigurations = (
				25BB819529960DF000BFA5A4 /* Debug */,
				25BB819629960DF000BFA5A4 /* Release */,
			);
			defaultConfigurationIsVisible = 0;
			defaultConfigurationName = Release;
		};
/* End XCConfigurationList section */
	};
	rootObject = 25BB816129960DEE00BFA5A4 /* Project object */;
}
